
Microsoft Visual Studio Solution File, Format Version 12.00
# Visual Studio Version 17
VisualStudioVersion = 17.8.34525.116
MinimumVisualStudioVersion = 10.0.40219.1
Project("{FAE04EC0-301F-11D3-BF4B-00C04F79EFBC}") = "Week13Test", "Week13Test\Week13Test.csproj", "{F82627F0-F47F-4CD8-A512-167A74493F41}"
EndProject
Global
	GlobalSection(SolutionConfigurationPlatforms) = preSolution
		Debug|Any CPU = Debug|Any CPU
		Release|Any CPU = Release|Any CPU
	EndGlobalSection
	GlobalSection(ProjectConfigurationPlatforms) = postSolution
		{F82627F0-F47F-4CD8-A512-167A74493F41}.Debug|Any CPU.ActiveCfg = Debug|Any CPU
		{F82627F0-F47F-4CD8-A512-167A74493F41}.Debug|Any CPU.Build.0 = Debug|Any CPU
		{F82627F0-F47F-4CD8-A512-167A74493F41}.Release|Any CPU.ActiveCfg = Release|Any CPU
		{F82627F0-F47F-4CD8-A512-167A74493F41}.Release|Any CPU.Build.0 = Release|Any CPU
	EndGlobalSection
	GlobalSection(SolutionProperties) = preSolution
		HideSolutionNode = FALSE
	EndGlobalSection
	GlobalSection(ExtensibilityGlobals) = postSolution
		SolutionGuid = {C3DD6697-A9BF-4F28-83ED-302E2FE74A37}
	EndGlobalSection
EndGlobal
